
Microsoft Visual Studio Solution File, Format Version 12.00
# Visual Studio Version 17
VisualStudioVersion = 17.0.32112.339
MinimumVisualStudioVersion = 10.0.40219.1
Project("{9A19103F-16F7-4668-BE54-9A1E7A4F7556}") = "App", "App\App.csproj", "{8C9C840F-D255-4809-8C8D-69B24C8EB105}"
EndProject
Project("{9A19103F-16F7-4668-BE54-9A1E7A4F7556}") = "Aids", "Aids\Aids.csproj", "{BFA43F99-994A-47EB-9D40-F39AF2153302}"
EndProject
Project("{9A19103F-16F7-4668-BE54-9A1E7A4F7556}") = "Core", "Core\Core.csproj", "{3393853E-DC7C-41A5-B271-34CD9985AD30}"
EndProject
Project("{9A19103F-16F7-4668-BE54-9A1E7A4F7556}") = "Data", "Data\Data.csproj", "{19B2F0F1-B727-4647-A583-B7283B48E8A4}"
EndProject
Project("{9A19103F-16F7-4668-BE54-9A1E7A4F7556}") = "Domain", "Domain\Domain.csproj", "{BAA4D84D-01A1-491A-9687-71BE9778EF3A}"
EndProject
Project("{9A19103F-16F7-4668-BE54-9A1E7A4F7556}") = "Facade", "Facade\Facade.csproj", "{A4DCBFEC-70F1-47F9-A4CC-9211DF8B04C0}"
EndProject
Project("{9A19103F-16F7-4668-BE54-9A1E7A4F7556}") = "Infra", "Infra\Infra.csproj", "{B7704DE8-082C-4FBB-B50E-FDF8B3EE48FD}"
EndProject
Project("{9A19103F-16F7-4668-BE54-9A1E7A4F7556}") = "Pages", "Pages\Pages.csproj", "{DFC227E0-DED7-49DF-80DB-296641872796}"
EndProject
Project("{9A19103F-16F7-4668-BE54-9A1E7A4F7556}") = "Tests", "Tests\Tests.csproj", "{FE7F6F50-86C5-4593-8E09-3079055F5467}"
EndProject
Global
	GlobalSection(SolutionConfigurationPlatforms) = preSolution
		Debug|Any CPU = Debug|Any CPU
		Release|Any CPU = Release|Any CPU
	EndGlobalSection
	GlobalSection(ProjectConfigurationPlatforms) = postSolution
		{8C9C840F-D255-4809-8C8D-69B24C8EB105}.Debug|Any CPU.ActiveCfg = Debug|Any CPU
		{8C9C840F-D255-4809-8C8D-69B24C8EB105}.Debug|Any CPU.Build.0 = Debug|Any CPU
		{8C9C840F-D255-4809-8C8D-69B24C8EB105}.Release|Any CPU.ActiveCfg = Release|Any CPU
		{8C9C840F-D255-4809-8C8D-69B24C8EB105}.Release|Any CPU.Build.0 = Release|Any CPU
		{BFA43F99-994A-47EB-9D40-F39AF2153302}.Debug|Any CPU.ActiveCfg = Debug|Any CPU
		{BFA43F99-994A-47EB-9D40-F39AF2153302}.Debug|Any CPU.Build.0 = Debug|Any CPU
		{BFA43F99-994A-47EB-9D40-F39AF2153302}.Release|Any CPU.ActiveCfg = Release|Any CPU
		{BFA43F99-994A-47EB-9D40-F39AF2153302}.Release|Any CPU.Build.0 = Release|Any CPU
		{3393853E-DC7C-41A5-B271-34CD9985AD30}.Debug|Any CPU.ActiveCfg = Debug|Any CPU
		{3393853E-DC7C-41A5-B271-34CD9985AD30}.Debug|Any CPU.Build.0 = Debug|Any CPU
		{3393853E-DC7C-41A5-B271-34CD9985AD30}.Release|Any CPU.ActiveCfg = Release|Any CPU
		{3393853E-DC7C-41A5-B271-34CD9985AD30}.Release|Any CPU.Build.0 = Release|Any CPU
		{19B2F0F1-B727-4647-A583-B7283B48E8A4}.Debug|Any CPU.ActiveCfg = Debug|Any CPU
		{19B2F0F1-B727-4647-A583-B7283B48E8A4}.Debug|Any CPU.Build.0 = Debug|Any CPU
		{19B2F0F1-B727-4647-A583-B7283B48E8A4}.Release|Any CPU.ActiveCfg = Release|Any CPU
		{19B2F0F1-B727-4647-A583-B7283B48E8A4}.Release|Any CPU.Build.0 = Release|Any CPU
		{BAA4D84D-01A1-491A-9687-71BE9778EF3A}.Debug|Any CPU.ActiveCfg = Debug|Any CPU
		{BAA4D84D-01A1-491A-9687-71BE9778EF3A}.Debug|Any CPU.Build.0 = Debug|Any CPU
		{BAA4D84D-01A1-491A-9687-71BE9778EF3A}.Release|Any CPU.ActiveCfg = Release|Any CPU
		{BAA4D84D-01A1-491A-9687-71BE9778EF3A}.Release|Any CPU.Build.0 = Release|Any CPU
		{A4DCBFEC-70F1-47F9-A4CC-9211DF8B04C0}.Debug|Any CPU.ActiveCfg = Debug|Any CPU
		{A4DCBFEC-70F1-47F9-A4CC-9211DF8B04C0}.Debug|Any CPU.Build.0 = Debug|Any CPU
		{A4DCBFEC-70F1-47F9-A4CC-9211DF8B04C0}.Release|Any CPU.ActiveCfg = Release|Any CPU
		{A4DCBFEC-70F1-47F9-A4CC-9211DF8B04C0}.Release|Any CPU.Build.0 = Release|Any CPU
		{B7704DE8-082C-4FBB-B50E-FDF8B3EE48FD}.Debug|Any CPU.ActiveCfg = Debug|Any CPU
		{B7704DE8-082C-4FBB-B50E-FDF8B3EE48FD}.Debug|Any CPU.Build.0 = Debug|Any CPU
		{B7704DE8-082C-4FBB-B50E-FDF8B3EE48FD}.Release|Any CPU.ActiveCfg = Release|Any CPU
		{B7704DE8-082C-4FBB-B50E-FDF8B3EE48FD}.Release|Any CPU.Build.0 = Release|Any CPU
		{DFC227E0-DED7-49DF-80DB-296641872796}.Debug|Any CPU.ActiveCfg = Debug|Any CPU
		{DFC227E0-DED7-49DF-80DB-296641872796}.Debug|Any CPU.Build.0 = Debug|Any CPU
		{DFC227E0-DED7-49DF-80DB-296641872796}.Release|Any CPU.ActiveCfg = Release|Any CPU
		{DFC227E0-DED7-49DF-80DB-296641872796}.Release|Any CPU.Build.0 = Release|Any CPU
		{FE7F6F50-86C5-4593-8E09-3079055F5467}.Debug|Any CPU.ActiveCfg = Debug|Any CPU
		{FE7F6F50-86C5-4593-8E09-3079055F5467}.Debug|Any CPU.Build.0 = Debug|Any CPU
		{FE7F6F50-86C5-4593-8E09-3079055F5467}.Release|Any CPU.ActiveCfg = Release|Any CPU
		{FE7F6F50-86C5-4593-8E09-3079055F5467}.Release|Any CPU.Build.0 = Release|Any CPU
	EndGlobalSection
	GlobalSection(SolutionProperties) = preSolution
		HideSolutionNode = FALSE
	EndGlobalSection
	GlobalSection(ExtensibilityGlobals) = postSolution
		SolutionGuid = {B26A08E1-1A11-4D10-A6D2-ACD9A53D4FD6}
	EndGlobalSection
EndGlobal
